
Microsoft Visual Studio Solution File, Format Version 12.00
# Visual Studio 2012
Project("{FAE04EC0-301F-11D3-BF4B-00C04F79EFBC}") = "WebDS", "WebsiteDS\WebDS.csproj", "{F5D819BA-1743-4C56-B6F3-682281528C06}"
EndProject
Project("{FAE04EC0-301F-11D3-BF4B-00C04F79EFBC}") = "WebUS", "WebsiteUS\WebUS.csproj", "{07E0D691-3694-4D86-9301-8954C940D1E8}"
EndProject
Project("{FAE04EC0-301F-11D3-BF4B-00C04F79EFBC}") = "QuanLyDuToan", "QuanLyDuToan\QuanLyDuToan.csproj", "{CE830744-54AB-4297-A72D-537F0E16D48F}"
EndProject
Project("{FAE04EC0-301F-11D3-BF4B-00C04F79EFBC}") = "Framework.Extensions", "Framework.Extensions\Framework.Extensions.csproj", "{B3CFBDAF-3510-4DCE-8F98-79C6119889FC}"
EndProject
Project("{FAE04EC0-301F-11D3-BF4B-00C04F79EFBC}") = "DBClassModel", "DBClassModel\DBClassModel.csproj", "{FB63B2F3-86AF-4793-9B70-AFA010E88E9C}"
EndProject
Project("{FAE04EC0-301F-11D3-BF4B-00C04F79EFBC}") = "IPBusinessService", "IPBusinessService\IPBusinessService.csproj", "{73CA732C-2CFB-4A14-B0B9-F43763B1C2F3}"
EndProject
Project("{FAE04EC0-301F-11D3-BF4B-00C04F79EFBC}") = "IPException", "IPException\IPException.csproj", "{B73156C2-7034-4DEA-A308-5E1782FF8DB4}"
EndProject
Project("{FAE04EC0-301F-11D3-BF4B-00C04F79EFBC}") = "IPData", "IPData\IPData.csproj", "{9ACEDD70-FDA2-44D8-A004-3A7EAF86A954}"
EndProject
Project("{FAE04EC0-301F-11D3-BF4B-00C04F79EFBC}") = "IPUserService", "IPUserService\IPUserService.csproj", "{B490EA92-2990-4CBB-B58B-12901AFCCCB5}"
EndProject
Project("{FAE04EC0-301F-11D3-BF4B-00C04F79EFBC}") = "IPSystemAdmin", "IPSystemAdmin\IPSystemAdmin.csproj", "{455CD3A5-79BA-480A-B9BD-D4A7DDA397A8}"
EndProject
Project("{FAE04EC0-301F-11D3-BF4B-00C04F79EFBC}") = "IPCommon", "IPCommon\IPCommon.csproj", "{2A74F1D1-C0EE-41FE-A708-A83B285ACCF2}"
EndProject
Project("{FAE04EC0-301F-11D3-BF4B-00C04F79EFBC}") = "IPExcelReport", "IPExcelReport\IPExcelReport.csproj", "{957C06D0-FF42-4C7A-B5E8-7E15C1522B59}"
EndProject
Project("{FAE04EC0-301F-11D3-BF4B-00C04F79EFBC}") = "SQLDataAccess", "SQLDataAccess\SQLDataAccess.csproj", "{0604A086-D772-4FE7-BF81-24C9C2059CCD}"
EndProject
Project("{FAE04EC0-301F-11D3-BF4B-00C04F79EFBC}") = "SqlDataAccessQuanLyTaiSan", "SqlDataAccessQuanLyTaiSan\SqlDataAccessQuanLyTaiSan.csproj", "{6265DF98-BE97-4F2A-8F86-3CE81B4A2B8E}"
EndProject
Global
	GlobalSection(SolutionConfigurationPlatforms) = preSolution
		BondDebug|.NET = BondDebug|.NET
		BondDebug|Any CPU = BondDebug|Any CPU
		BondDebug|Mixed Platforms = BondDebug|Mixed Platforms
		BondDebug|x86 = BondDebug|x86
		Debug|.NET = Debug|.NET
		Debug|Any CPU = Debug|Any CPU
		Debug|Mixed Platforms = Debug|Mixed Platforms
		Debug|x86 = Debug|x86
		iFASDebug|.NET = iFASDebug|.NET
		iFASDebug|Any CPU = iFASDebug|Any CPU
		iFASDebug|Mixed Platforms = iFASDebug|Mixed Platforms
		iFASDebug|x86 = iFASDebug|x86
		PersonalBuild|.NET = PersonalBuild|.NET
		PersonalBuild|Any CPU = PersonalBuild|Any CPU
		PersonalBuild|Mixed Platforms = PersonalBuild|Mixed Platforms
		PersonalBuild|x86 = PersonalBuild|x86
		Release|.NET = Release|.NET
		Release|Any CPU = Release|Any CPU
		Release|Mixed Platforms = Release|Mixed Platforms
		Release|x86 = Release|x86
		SIPDebug|.NET = SIPDebug|.NET
		SIPDebug|Any CPU = SIPDebug|Any CPU
		SIPDebug|Mixed Platforms = SIPDebug|Mixed Platforms
		SIPDebug|x86 = SIPDebug|x86
	EndGlobalSection
	GlobalSection(ProjectConfigurationPlatforms) = postSolution
		{F5D819BA-1743-4C56-B6F3-682281528C06}.BondDebug|.NET.ActiveCfg = Debug|Any CPU
		{F5D819BA-1743-4C56-B6F3-682281528C06}.BondDebug|Any CPU.ActiveCfg = Debug|Any CPU
		{F5D819BA-1743-4C56-B6F3-682281528C06}.BondDebug|Any CPU.Build.0 = Debug|Any CPU
		{F5D819BA-1743-4C56-B6F3-682281528C06}.BondDebug|Mixed Platforms.ActiveCfg = Debug|Any CPU
		{F5D819BA-1743-4C56-B6F3-682281528C06}.BondDebug|Mixed Platforms.Build.0 = Debug|Any CPU
		{F5D819BA-1743-4C56-B6F3-682281528C06}.BondDebug|x86.ActiveCfg = Debug|Any CPU
		{F5D819BA-1743-4C56-B6F3-682281528C06}.Debug|.NET.ActiveCfg = Debug|Any CPU
		{F5D819BA-1743-4C56-B6F3-682281528C06}.Debug|Any CPU.ActiveCfg = Debug|Any CPU
		{F5D819BA-1743-4C56-B6F3-682281528C06}.Debug|Any CPU.Build.0 = Debug|Any CPU
		{F5D819BA-1743-4C56-B6F3-682281528C06}.Debug|Mixed Platforms.ActiveCfg = Debug|Any CPU
		{F5D819BA-1743-4C56-B6F3-682281528C06}.Debug|Mixed Platforms.Build.0 = Debug|Any CPU
		{F5D819BA-1743-4C56-B6F3-682281528C06}.Debug|x86.ActiveCfg = Debug|Any CPU
		{F5D819BA-1743-4C56-B6F3-682281528C06}.iFASDebug|.NET.ActiveCfg = Debug|Any CPU
		{F5D819BA-1743-4C56-B6F3-682281528C06}.iFASDebug|Any CPU.ActiveCfg = Debug|Any CPU
		{F5D819BA-1743-4C56-B6F3-682281528C06}.iFASDebug|Any CPU.Build.0 = Debug|Any CPU
		{F5D819BA-1743-4C56-B6F3-682281528C06}.iFASDebug|Mixed Platforms.ActiveCfg = Debug|Any CPU
		{F5D819BA-1743-4C56-B6F3-682281528C06}.iFASDebug|Mixed Platforms.Build.0 = Debug|Any CPU
		{F5D819BA-1743-4C56-B6F3-682281528C06}.iFASDebug|x86.ActiveCfg = Debug|Any CPU
		{F5D819BA-1743-4C56-B6F3-682281528C06}.PersonalBuild|.NET.ActiveCfg = Release|Any CPU
		{F5D819BA-1743-4C56-B6F3-682281528C06}.PersonalBuild|Any CPU.ActiveCfg = Release|Any CPU
		{F5D819BA-1743-4C56-B6F3-682281528C06}.PersonalBuild|Any CPU.Build.0 = Release|Any CPU
		{F5D819BA-1743-4C56-B6F3-682281528C06}.PersonalBuild|Mixed Platforms.ActiveCfg = Release|Any CPU
		{F5D819BA-1743-4C56-B6F3-682281528C06}.PersonalBuild|Mixed Platforms.Build.0 = Release|Any CPU
		{F5D819BA-1743-4C56-B6F3-682281528C06}.PersonalBuild|x86.ActiveCfg = Release|Any CPU
		{F5D819BA-1743-4C56-B6F3-682281528C06}.Release|.NET.ActiveCfg = Release|Any CPU
		{F5D819BA-1743-4C56-B6F3-682281528C06}.Release|Any CPU.ActiveCfg = Release|Any CPU
		{F5D819BA-1743-4C56-B6F3-682281528C06}.Release|Any CPU.Build.0 = Release|Any CPU
		{F5D819BA-1743-4C56-B6F3-682281528C06}.Release|Mixed Platforms.ActiveCfg = Release|Any CPU
		{F5D819BA-1743-4C56-B6F3-682281528C06}.Release|Mixed Platforms.Build.0 = Release|Any CPU
		{F5D819BA-1743-4C56-B6F3-682281528C06}.Release|x86.ActiveCfg = Release|Any CPU
		{F5D819BA-1743-4C56-B6F3-682281528C06}.SIPDebug|.NET.ActiveCfg = Debug|Any CPU
		{F5D819BA-1743-4C56-B6F3-682281528C06}.SIPDebug|Any CPU.ActiveCfg = Debug|Any CPU
		{F5D819BA-1743-4C56-B6F3-682281528C06}.SIPDebug|Any CPU.Build.0 = Debug|Any CPU
		{F5D819BA-1743-4C56-B6F3-682281528C06}.SIPDebug|Mixed Platforms.ActiveCfg = Debug|Any CPU
		{F5D819BA-1743-4C56-B6F3-682281528C06}.SIPDebug|Mixed Platforms.Build.0 = Debug|Any CPU
		{F5D819BA-1743-4C56-B6F3-682281528C06}.SIPDebug|x86.ActiveCfg = Debug|Any CPU
		{07E0D691-3694-4D86-9301-8954C940D1E8}.BondDebug|.NET.ActiveCfg = Debug|Any CPU
		{07E0D691-3694-4D86-9301-8954C940D1E8}.BondDebug|Any CPU.ActiveCfg = Debug|Any CPU
		{07E0D691-3694-4D86-9301-8954C940D1E8}.BondDebug|Any CPU.Build.0 = Debug|Any CPU
		{07E0D691-3694-4D86-9301-8954C940D1E8}.BondDebug|Mixed Platforms.ActiveCfg = Debug|Any CPU
		{07E0D691-3694-4D86-9301-8954C940D1E8}.BondDebug|Mixed Platforms.Build.0 = Debug|Any CPU
		{07E0D691-3694-4D86-9301-8954C940D1E8}.BondDebug|x86.ActiveCfg = Debug|Any CPU
		{07E0D691-3694-4D86-9301-8954C940D1E8}.Debug|.NET.ActiveCfg = Debug|Any CPU
		{07E0D691-3694-4D86-9301-8954C940D1E8}.Debug|Any CPU.ActiveCfg = Debug|Any CPU
		{07E0D691-3694-4D86-9301-8954C940D1E8}.Debug|Any CPU.Build.0 = Debug|Any CPU
		{07E0D691-3694-4D86-9301-8954C940D1E8}.Debug|Mixed Platforms.ActiveCfg = Debug|Any CPU
		{07E0D691-3694-4D86-9301-8954C940D1E8}.Debug|Mixed Platforms.Build.0 = Debug|Any CPU
		{07E0D691-3694-4D86-9301-8954C940D1E8}.Debug|x86.ActiveCfg = Debug|Any CPU
		{07E0D691-3694-4D86-9301-8954C940D1E8}.iFASDebug|.NET.ActiveCfg = Debug|Any CPU
		{07E0D691-3694-4D86-9301-8954C940D1E8}.iFASDebug|Any CPU.ActiveCfg = Debug|Any CPU
		{07E0D691-3694-4D86-9301-8954C940D1E8}.iFASDebug|Any CPU.Build.0 = Debug|Any CPU
		{07E0D691-3694-4D86-9301-8954C940D1E8}.iFASDebug|Mixed Platforms.ActiveCfg = Debug|Any CPU
		{07E0D691-3694-4D86-9301-8954C940D1E8}.iFASDebug|Mixed Platforms.Build.0 = Debug|Any CPU
		{07E0D691-3694-4D86-9301-8954C940D1E8}.iFASDebug|x86.ActiveCfg = Debug|Any CPU
		{07E0D691-3694-4D86-9301-8954C940D1E8}.PersonalBuild|.NET.ActiveCfg = Release|Any CPU
		{07E0D691-3694-4D86-9301-8954C940D1E8}.PersonalBuild|Any CPU.ActiveCfg = Release|Any CPU
		{07E0D691-3694-4D86-9301-8954C940D1E8}.PersonalBuild|Any CPU.Build.0 = Release|Any CPU
		{07E0D691-3694-4D86-9301-8954C940D1E8}.PersonalBuild|Mixed Platforms.ActiveCfg = Release|Any CPU
		{07E0D691-3694-4D86-9301-8954C940D1E8}.PersonalBuild|Mixed Platforms.Build.0 = Release|Any CPU
		{07E0D691-3694-4D86-9301-8954C940D1E8}.PersonalBuild|x86.ActiveCfg = Release|Any CPU
		{07E0D691-3694-4D86-9301-8954C940D1E8}.Release|.NET.ActiveCfg = Release|Any CPU
		{07E0D691-3694-4D86-9301-8954C940D1E8}.Release|Any CPU.ActiveCfg = Release|Any CPU
		{07E0D691-3694-4D86-9301-8954C940D1E8}.Release|Any CPU.Build.0 = Release|Any CPU
		{07E0D691-3694-4D86-9301-8954C940D1E8}.Release|Mixed Platforms.ActiveCfg = Release|Any CPU
		{07E0D691-3694-4D86-9301-8954C940D1E8}.Release|Mixed Platforms.Build.0 = Release|Any CPU
		{07E0D691-3694-4D86-9301-8954C940D1E8}.Release|x86.ActiveCfg = Release|Any CPU
		{07E0D691-3694-4D86-9301-8954C940D1E8}.SIPDebug|.NET.ActiveCfg = Debug|Any CPU
		{07E0D691-3694-4D86-9301-8954C940D1E8}.SIPDebug|Any CPU.ActiveCfg = Debug|Any CPU
		{07E0D691-3694-4D86-9301-8954C940D1E8}.SIPDebug|Any CPU.Build.0 = Debug|Any CPU
		{07E0D691-3694-4D86-9301-8954C940D1E8}.SIPDebug|Mixed Platforms.ActiveCfg = Debug|Any CPU
		{07E0D691-3694-4D86-9301-8954C940D1E8}.SIPDebug|Mixed Platforms.Build.0 = Debug|Any CPU
		{07E0D691-3694-4D86-9301-8954C940D1E8}.SIPDebug|x86.ActiveCfg = Debug|Any CPU
		{CE830744-54AB-4297-A72D-537F0E16D48F}.BondDebug|.NET.ActiveCfg = Debug|Any CPU
		{CE830744-54AB-4297-A72D-537F0E16D48F}.BondDebug|Any CPU.ActiveCfg = Debug|Any CPU
		{CE830744-54AB-4297-A72D-537F0E16D48F}.BondDebug|Any CPU.Build.0 = Debug|Any CPU
		{CE830744-54AB-4297-A72D-537F0E16D48F}.BondDebug|Mixed Platforms.ActiveCfg = Debug|Any CPU
		{CE830744-54AB-4297-A72D-537F0E16D48F}.BondDebug|Mixed Platforms.Build.0 = Debug|Any CPU
		{CE830744-54AB-4297-A72D-537F0E16D48F}.BondDebug|x86.ActiveCfg = Debug|Any CPU
		{CE830744-54AB-4297-A72D-537F0E16D48F}.Debug|.NET.ActiveCfg = Debug|Any CPU
		{CE830744-54AB-4297-A72D-537F0E16D48F}.Debug|Any CPU.ActiveCfg = Debug|Any CPU
		{CE830744-54AB-4297-A72D-537F0E16D48F}.Debug|Any CPU.Build.0 = Debug|Any CPU
		{CE830744-54AB-4297-A72D-537F0E16D48F}.Debug|Mixed Platforms.ActiveCfg = Debug|Any CPU
		{CE830744-54AB-4297-A72D-537F0E16D48F}.Debug|Mixed Platforms.Build.0 = Debug|Any CPU
		{CE830744-54AB-4297-A72D-537F0E16D48F}.Debug|x86.ActiveCfg = Debug|Any CPU
		{CE830744-54AB-4297-A72D-537F0E16D48F}.iFASDebug|.NET.ActiveCfg = Debug|Any CPU
		{CE830744-54AB-4297-A72D-537F0E16D48F}.iFASDebug|Any CPU.ActiveCfg = Debug|Any CPU
		{CE830744-54AB-4297-A72D-537F0E16D48F}.iFASDebug|Any CPU.Build.0 = Debug|Any CPU
		{CE830744-54AB-4297-A72D-537F0E16D48F}.iFASDebug|Mixed Platforms.ActiveCfg = Debug|Any CPU
		{CE830744-54AB-4297-A72D-537F0E16D48F}.iFASDebug|Mixed Platforms.Build.0 = Debug|Any CPU
		{CE830744-54AB-4297-A72D-537F0E16D48F}.iFASDebug|x86.ActiveCfg = Debug|Any CPU
		{CE830744-54AB-4297-A72D-537F0E16D48F}.PersonalBuild|.NET.ActiveCfg = Release|Any CPU
		{CE830744-54AB-4297-A72D-537F0E16D48F}.PersonalBuild|Any CPU.ActiveCfg = Release|Any CPU
		{CE830744-54AB-4297-A72D-537F0E16D48F}.PersonalBuild|Any CPU.Build.0 = Release|Any CPU
		{CE830744-54AB-4297-A72D-537F0E16D48F}.PersonalBuild|Mixed Platforms.ActiveCfg = Release|Any CPU
		{CE830744-54AB-4297-A72D-537F0E16D48F}.PersonalBuild|Mixed Platforms.Build.0 = Release|Any CPU
		{CE830744-54AB-4297-A72D-537F0E16D48F}.PersonalBuild|x86.ActiveCfg = Release|Any CPU
		{CE830744-54AB-4297-A72D-537F0E16D48F}.Release|.NET.ActiveCfg = Release|Any CPU
		{CE830744-54AB-4297-A72D-537F0E16D48F}.Release|Any CPU.ActiveCfg = Release|Any CPU
		{CE830744-54AB-4297-A72D-537F0E16D48F}.Release|Any CPU.Build.0 = Release|Any CPU
		{CE830744-54AB-4297-A72D-537F0E16D48F}.Release|Mixed Platforms.ActiveCfg = Release|Any CPU
		{CE830744-54AB-4297-A72D-537F0E16D48F}.Release|Mixed Platforms.Build.0 = Release|Any CPU
		{CE830744-54AB-4297-A72D-537F0E16D48F}.Release|x86.ActiveCfg = Release|Any CPU
		{CE830744-54AB-4297-A72D-537F0E16D48F}.SIPDebug|.NET.ActiveCfg = Debug|Any CPU
		{CE830744-54AB-4297-A72D-537F0E16D48F}.SIPDebug|Any CPU.ActiveCfg = Debug|Any CPU
		{CE830744-54AB-4297-A72D-537F0E16D48F}.SIPDebug|Any CPU.Build.0 = Debug|Any CPU
		{CE830744-54AB-4297-A72D-537F0E16D48F}.SIPDebug|Mixed Platforms.ActiveCfg = Debug|Any CPU
		{CE830744-54AB-4297-A72D-537F0E16D48F}.SIPDebug|Mixed Platforms.Build.0 = Debug|Any CPU
		{CE830744-54AB-4297-A72D-537F0E16D48F}.SIPDebug|x86.ActiveCfg = Debug|Any CPU
		{B3CFBDAF-3510-4DCE-8F98-79C6119889FC}.BondDebug|.NET.ActiveCfg = Debug|Any CPU
		{B3CFBDAF-3510-4DCE-8F98-79C6119889FC}.BondDebug|Any CPU.ActiveCfg = Debug|Any CPU
		{B3CFBDAF-3510-4DCE-8F98-79C6119889FC}.BondDebug|Any CPU.Build.0 = Debug|Any CPU
		{B3CFBDAF-3510-4DCE-8F98-79C6119889FC}.BondDebug|Mixed Platforms.ActiveCfg = Debug|Any CPU
		{B3CFBDAF-3510-4DCE-8F98-79C6119889FC}.BondDebug|Mixed Platforms.Build.0 = Debug|Any CPU
		{B3CFBDAF-3510-4DCE-8F98-79C6119889FC}.BondDebug|x86.ActiveCfg = Debug|Any CPU
		{B3CFBDAF-3510-4DCE-8F98-79C6119889FC}.Debug|.NET.ActiveCfg = Debug|Any CPU
		{B3CFBDAF-3510-4DCE-8F98-79C6119889FC}.Debug|Any CPU.ActiveCfg = Debug|Any CPU
		{B3CFBDAF-3510-4DCE-8F98-79C6119889FC}.Debug|Any CPU.Build.0 = Debug|Any CPU
		{B3CFBDAF-3510-4DCE-8F98-79C6119889FC}.Debug|Mixed Platforms.ActiveCfg = Debug|Any CPU
		{B3CFBDAF-3510-4DCE-8F98-79C6119889FC}.Debug|Mixed Platforms.Build.0 = Debug|Any CPU
		{B3CFBDAF-3510-4DCE-8F98-79C6119889FC}.Debug|x86.ActiveCfg = Debug|Any CPU
		{B3CFBDAF-3510-4DCE-8F98-79C6119889FC}.iFASDebug|.NET.ActiveCfg = Debug|Any CPU
		{B3CFBDAF-3510-4DCE-8F98-79C6119889FC}.iFASDebug|Any CPU.ActiveCfg = Debug|Any CPU
		{B3CFBDAF-3510-4DCE-8F98-79C6119889FC}.iFASDebug|Any CPU.Build.0 = Debug|Any CPU
		{B3CFBDAF-3510-4DCE-8F98-79C6119889FC}.iFASDebug|Mixed Platforms.ActiveCfg = Debug|Any CPU
		{B3CFBDAF-3510-4DCE-8F98-79C6119889FC}.iFASDebug|Mixed Platforms.Build.0 = Debug|Any CPU
		{B3CFBDAF-3510-4DCE-8F98-79C6119889FC}.iFASDebug|x86.ActiveCfg = Debug|Any CPU
		{B3CFBDAF-3510-4DCE-8F98-79C6119889FC}.PersonalBuild|.NET.ActiveCfg = Release|Any CPU
		{B3CFBDAF-3510-4DCE-8F98-79C6119889FC}.PersonalBuild|Any CPU.ActiveCfg = Release|Any CPU
		{B3CFBDAF-3510-4DCE-8F98-79C6119889FC}.PersonalBuild|Any CPU.Build.0 = Release|Any CPU
		{B3CFBDAF-3510-4DCE-8F98-79C6119889FC}.PersonalBuild|Mixed Platforms.ActiveCfg = Release|Any CPU
		{B3CFBDAF-3510-4DCE-8F98-79C6119889FC}.PersonalBuild|Mixed Platforms.Build.0 = Release|Any CPU
		{B3CFBDAF-3510-4DCE-8F98-79C6119889FC}.PersonalBuild|x86.ActiveCfg = Release|Any CPU
		{B3CFBDAF-3510-4DCE-8F98-79C6119889FC}.Release|.NET.ActiveCfg = Release|Any CPU
		{B3CFBDAF-3510-4DCE-8F98-79C6119889FC}.Release|Any CPU.ActiveCfg = Release|Any CPU
		{B3CFBDAF-3510-4DCE-8F98-79C6119889FC}.Release|Any CPU.Build.0 = Release|Any CPU
		{B3CFBDAF-3510-4DCE-8F98-79C6119889FC}.Release|Mixed Platforms.ActiveCfg = Release|Any CPU
		{B3CFBDAF-3510-4DCE-8F98-79C6119889FC}.Release|Mixed Platforms.Build.0 = Release|Any CPU
		{B3CFBDAF-3510-4DCE-8F98-79C6119889FC}.Release|x86.ActiveCfg = Release|Any CPU
		{B3CFBDAF-3510-4DCE-8F98-79C6119889FC}.SIPDebug|.NET.ActiveCfg = Debug|Any CPU
		{B3CFBDAF-3510-4DCE-8F98-79C6119889FC}.SIPDebug|Any CPU.ActiveCfg = Debug|Any CPU
		{B3CFBDAF-3510-4DCE-8F98-79C6119889FC}.SIPDebug|Any CPU.Build.0 = Debug|Any CPU
		{B3CFBDAF-3510-4DCE-8F98-79C6119889FC}.SIPDebug|Mixed Platforms.ActiveCfg = Debug|Any CPU
		{B3CFBDAF-3510-4DCE-8F98-79C6119889FC}.SIPDebug|Mixed Platforms.Build.0 = Debug|Any CPU
		{B3CFBDAF-3510-4DCE-8F98-79C6119889FC}.SIPDebug|x86.ActiveCfg = Debug|Any CPU
		{FB63B2F3-86AF-4793-9B70-AFA010E88E9C}.BondDebug|.NET.ActiveCfg = Debug|Any CPU
		{FB63B2F3-86AF-4793-9B70-AFA010E88E9C}.BondDebug|Any CPU.ActiveCfg = Debug|Any CPU
		{FB63B2F3-86AF-4793-9B70-AFA010E88E9C}.BondDebug|Any CPU.Build.0 = Debug|Any CPU
		{FB63B2F3-86AF-4793-9B70-AFA010E88E9C}.BondDebug|Mixed Platforms.ActiveCfg = Debug|Any CPU
		{FB63B2F3-86AF-4793-9B70-AFA010E88E9C}.BondDebug|Mixed Platforms.Build.0 = Debug|Any CPU
		{FB63B2F3-86AF-4793-9B70-AFA010E88E9C}.BondDebug|x86.ActiveCfg = Debug|Any CPU
		{FB63B2F3-86AF-4793-9B70-AFA010E88E9C}.Debug|.NET.ActiveCfg = Debug|Any CPU
		{FB63B2F3-86AF-4793-9B70-AFA010E88E9C}.Debug|Any CPU.ActiveCfg = Debug|Any CPU
		{FB63B2F3-86AF-4793-9B70-AFA010E88E9C}.Debug|Any CPU.Build.0 = Debug|Any CPU
		{FB63B2F3-86AF-4793-9B70-AFA010E88E9C}.Debug|Mixed Platforms.ActiveCfg = Debug|Any CPU
		{FB63B2F3-86AF-4793-9B70-AFA010E88E9C}.Debug|Mixed Platforms.Build.0 = Debug|Any CPU
		{FB63B2F3-86AF-4793-9B70-AFA010E88E9C}.Debug|x86.ActiveCfg = Debug|Any CPU
		{FB63B2F3-86AF-4793-9B70-AFA010E88E9C}.iFASDebug|.NET.ActiveCfg = Debug|Any CPU
		{FB63B2F3-86AF-4793-9B70-AFA010E88E9C}.iFASDebug|Any CPU.ActiveCfg = Debug|Any CPU
		{FB63B2F3-86AF-4793-9B70-AFA010E88E9C}.iFASDebug|Any CPU.Build.0 = Debug|Any CPU
		{FB63B2F3-86AF-4793-9B70-AFA010E88E9C}.iFASDebug|Mixed Platforms.ActiveCfg = Debug|Any CPU
		{FB63B2F3-86AF-4793-9B70-AFA010E88E9C}.iFASDebug|Mixed Platforms.Build.0 = Debug|Any CPU
		{FB63B2F3-86AF-4793-9B70-AFA010E88E9C}.iFASDebug|x86.ActiveCfg = Debug|Any CPU
		{FB63B2F3-86AF-4793-9B70-AFA010E88E9C}.PersonalBuild|.NET.ActiveCfg = Release|Any CPU
		{FB63B2F3-86AF-4793-9B70-AFA010E88E9C}.PersonalBuild|Any CPU.ActiveCfg = Release|Any CPU
		{FB63B2F3-86AF-4793-9B70-AFA010E88E9C}.PersonalBuild|Any CPU.Build.0 = Release|Any CPU
		{FB63B2F3-86AF-4793-9B70-AFA010E88E9C}.PersonalBuild|Mixed Platforms.ActiveCfg = Release|Any CPU
		{FB63B2F3-86AF-4793-9B70-AFA010E88E9C}.PersonalBuild|Mixed Platforms.Build.0 = Release|Any CPU
		{FB63B2F3-86AF-4793-9B70-AFA010E88E9C}.PersonalBuild|x86.ActiveCfg = Release|Any CPU
		{FB63B2F3-86AF-4793-9B70-AFA010E88E9C}.Release|.NET.ActiveCfg = Release|Any CPU
		{FB63B2F3-86AF-4793-9B70-AFA010E88E9C}.Release|Any CPU.ActiveCfg = Release|Any CPU
		{FB63B2F3-86AF-4793-9B70-AFA010E88E9C}.Release|Any CPU.Build.0 = Release|Any CPU
		{FB63B2F3-86AF-4793-9B70-AFA010E88E9C}.Release|Mixed Platforms.ActiveCfg = Release|Any CPU
		{FB63B2F3-86AF-4793-9B70-AFA010E88E9C}.Release|Mixed Platforms.Build.0 = Release|Any CPU
		{FB63B2F3-86AF-4793-9B70-AFA010E88E9C}.Release|x86.ActiveCfg = Release|Any CPU
		{FB63B2F3-86AF-4793-9B70-AFA010E88E9C}.SIPDebug|.NET.ActiveCfg = Debug|Any CPU
		{FB63B2F3-86AF-4793-9B70-AFA010E88E9C}.SIPDebug|Any CPU.ActiveCfg = Debug|Any CPU
		{FB63B2F3-86AF-4793-9B70-AFA010E88E9C}.SIPDebug|Any CPU.Build.0 = Debug|Any CPU
		{FB63B2F3-86AF-4793-9B70-AFA010E88E9C}.SIPDebug|Mixed Platforms.ActiveCfg = Debug|Any CPU
		{FB63B2F3-86AF-4793-9B70-AFA010E88E9C}.SIPDebug|Mixed Platforms.Build.0 = Debug|Any CPU
		{FB63B2F3-86AF-4793-9B70-AFA010E88E9C}.SIPDebug|x86.ActiveCfg = Debug|Any CPU
		{73CA732C-2CFB-4A14-B0B9-F43763B1C2F3}.BondDebug|.NET.ActiveCfg = Debug|Any CPU
		{73CA732C-2CFB-4A14-B0B9-F43763B1C2F3}.BondDebug|Any CPU.ActiveCfg = Debug|Any CPU
		{73CA732C-2CFB-4A14-B0B9-F43763B1C2F3}.BondDebug|Any CPU.Build.0 = Debug|Any CPU
		{73CA732C-2CFB-4A14-B0B9-F43763B1C2F3}.BondDebug|Mixed Platforms.ActiveCfg = Debug|Any CPU
		{73CA732C-2CFB-4A14-B0B9-F43763B1C2F3}.BondDebug|Mixed Platforms.Build.0 = Debug|Any CPU
		{73CA732C-2CFB-4A14-B0B9-F43763B1C2F3}.BondDebug|x86.ActiveCfg = Debug|Any CPU
		{73CA732C-2CFB-4A14-B0B9-F43763B1C2F3}.Debug|.NET.ActiveCfg = Debug|Any CPU
		{73CA732C-2CFB-4A14-B0B9-F43763B1C2F3}.Debug|Any CPU.ActiveCfg = Debug|Any CPU
		{73CA732C-2CFB-4A14-B0B9-F43763B1C2F3}.Debug|Any CPU.Build.0 = Debug|Any CPU
		{73CA732C-2CFB-4A14-B0B9-F43763B1C2F3}.Debug|Mixed Platforms.ActiveCfg = Debug|Any CPU
		{73CA732C-2CFB-4A14-B0B9-F43763B1C2F3}.Debug|Mixed Platforms.Build.0 = Debug|Any CPU
		{73CA732C-2CFB-4A14-B0B9-F43763B1C2F3}.Debug|x86.ActiveCfg = Debug|Any CPU
		{73CA732C-2CFB-4A14-B0B9-F43763B1C2F3}.iFASDebug|.NET.ActiveCfg = Debug|Any CPU
		{73CA732C-2CFB-4A14-B0B9-F43763B1C2F3}.iFASDebug|Any CPU.ActiveCfg = Debug|Any CPU
		{73CA732C-2CFB-4A14-B0B9-F43763B1C2F3}.iFASDebug|Any CPU.Build.0 = Debug|Any CPU
		{73CA732C-2CFB-4A14-B0B9-F43763B1C2F3}.iFASDebug|Mixed Platforms.ActiveCfg = Debug|Any CPU
		{73CA732C-2CFB-4A14-B0B9-F43763B1C2F3}.iFASDebug|Mixed Platforms.Build.0 = Debug|Any CPU
		{73CA732C-2CFB-4A14-B0B9-F43763B1C2F3}.iFASDebug|x86.ActiveCfg = Debug|Any CPU
		{73CA732C-2CFB-4A14-B0B9-F43763B1C2F3}.PersonalBuild|.NET.ActiveCfg = PersonalBuild|Any CPU
		{73CA732C-2CFB-4A14-B0B9-F43763B1C2F3}.PersonalBuild|Any CPU.ActiveCfg = PersonalBuild|Any CPU
		{73CA732C-2CFB-4A14-B0B9-F43763B1C2F3}.PersonalBuild|Any CPU.Build.0 = PersonalBuild|Any CPU
		{73CA732C-2CFB-4A14-B0B9-F43763B1C2F3}.PersonalBuild|Mixed Platforms.ActiveCfg = PersonalBuild|Any CPU
		{73CA732C-2CFB-4A14-B0B9-F43763B1C2F3}.PersonalBuild|Mixed Platforms.Build.0 = PersonalBuild|Any CPU
		{73CA732C-2CFB-4A14-B0B9-F43763B1C2F3}.PersonalBuild|x86.ActiveCfg = PersonalBuild|Any CPU
		{73CA732C-2CFB-4A14-B0B9-F43763B1C2F3}.Release|.NET.ActiveCfg = Release|Any CPU
		{73CA732C-2CFB-4A14-B0B9-F43763B1C2F3}.Release|Any CPU.ActiveCfg = Release|Any CPU
		{73CA732C-2CFB-4A14-B0B9-F43763B1C2F3}.Release|Any CPU.Build.0 = Release|Any CPU
		{73CA732C-2CFB-4A14-B0B9-F43763B1C2F3}.Release|Mixed Platforms.ActiveCfg = Release|Any CPU
		{73CA732C-2CFB-4A14-B0B9-F43763B1C2F3}.Release|Mixed Platforms.Build.0 = Release|Any CPU
		{73CA732C-2CFB-4A14-B0B9-F43763B1C2F3}.Release|x86.ActiveCfg = Release|Any CPU
		{73CA732C-2CFB-4A14-B0B9-F43763B1C2F3}.SIPDebug|.NET.ActiveCfg = Debug|Any CPU
		{73CA732C-2CFB-4A14-B0B9-F43763B1C2F3}.SIPDebug|Any CPU.ActiveCfg = Debug|Any CPU
		{73CA732C-2CFB-4A14-B0B9-F43763B1C2F3}.SIPDebug|Any CPU.Build.0 = Debug|Any CPU
		{73CA732C-2CFB-4A14-B0B9-F43763B1C2F3}.SIPDebug|Mixed Platforms.ActiveCfg = Debug|Any CPU
		{73CA732C-2CFB-4A14-B0B9-F43763B1C2F3}.SIPDebug|Mixed Platforms.Build.0 = Debug|Any CPU
		{73CA732C-2CFB-4A14-B0B9-F43763B1C2F3}.SIPDebug|x86.ActiveCfg = Debug|Any CPU
		{B73156C2-7034-4DEA-A308-5E1782FF8DB4}.BondDebug|.NET.ActiveCfg = Debug|Any CPU
		{B73156C2-7034-4DEA-A308-5E1782FF8DB4}.BondDebug|Any CPU.ActiveCfg = Debug|Any CPU
		{B73156C2-7034-4DEA-A308-5E1782FF8DB4}.BondDebug|Any CPU.Build.0 = Debug|Any CPU
		{B73156C2-7034-4DEA-A308-5E1782FF8DB4}.BondDebug|Mixed Platforms.ActiveCfg = Debug|Any CPU
		{B73156C2-7034-4DEA-A308-5E1782FF8DB4}.BondDebug|Mixed Platforms.Build.0 = Debug|Any CPU
		{B73156C2-7034-4DEA-A308-5E1782FF8DB4}.BondDebug|x86.ActiveCfg = Debug|Any CPU
		{B73156C2-7034-4DEA-A308-5E1782FF8DB4}.Debug|.NET.ActiveCfg = Debug|Any CPU
		{B73156C2-7034-4DEA-A308-5E1782FF8DB4}.Debug|Any CPU.ActiveCfg = Debug|Any CPU
		{B73156C2-7034-4DEA-A308-5E1782FF8DB4}.Debug|Any CPU.Build.0 = Debug|Any CPU
		{B73156C2-7034-4DEA-A308-5E1782FF8DB4}.Debug|Mixed Platforms.ActiveCfg = Debug|Any CPU
		{B73156C2-7034-4DEA-A308-5E1782FF8DB4}.Debug|Mixed Platforms.Build.0 = Debug|Any CPU
		{B73156C2-7034-4DEA-A308-5E1782FF8DB4}.Debug|x86.ActiveCfg = Debug|Any CPU
		{B73156C2-7034-4DEA-A308-5E1782FF8DB4}.iFASDebug|.NET.ActiveCfg = Debug|Any CPU
		{B73156C2-7034-4DEA-A308-5E1782FF8DB4}.iFASDebug|Any CPU.ActiveCfg = Debug|Any CPU
		{B73156C2-7034-4DEA-A308-5E1782FF8DB4}.iFASDebug|Any CPU.Build.0 = Debug|Any CPU
		{B73156C2-7034-4DEA-A308-5E1782FF8DB4}.iFASDebug|Mixed Platforms.ActiveCfg = Debug|Any CPU
		{B73156C2-7034-4DEA-A308-5E1782FF8DB4}.iFASDebug|Mixed Platforms.Build.0 = Debug|Any CPU
		{B73156C2-7034-4DEA-A308-5E1782FF8DB4}.iFASDebug|x86.ActiveCfg = Debug|Any CPU
		{B73156C2-7034-4DEA-A308-5E1782FF8DB4}.PersonalBuild|.NET.ActiveCfg = PersonalBuild|Any CPU
		{B73156C2-7034-4DEA-A308-5E1782FF8DB4}.PersonalBuild|Any CPU.ActiveCfg = PersonalBuild|Any CPU
		{B73156C2-7034-4DEA-A308-5E1782FF8DB4}.PersonalBuild|Any CPU.Build.0 = PersonalBuild|Any CPU
		{B73156C2-7034-4DEA-A308-5E1782FF8DB4}.PersonalBuild|Mixed Platforms.ActiveCfg = PersonalBuild|Any CPU
		{B73156C2-7034-4DEA-A308-5E1782FF8DB4}.PersonalBuild|Mixed Platforms.Build.0 = PersonalBuild|Any CPU
		{B73156C2-7034-4DEA-A308-5E1782FF8DB4}.PersonalBuild|x86.ActiveCfg = PersonalBuild|Any CPU
		{B73156C2-7034-4DEA-A308-5E1782FF8DB4}.Release|.NET.ActiveCfg = Release|Any CPU
		{B73156C2-7034-4DEA-A308-5E1782FF8DB4}.Release|Any CPU.ActiveCfg = Release|Any CPU
		{B73156C2-7034-4DEA-A308-5E1782FF8DB4}.Release|Any CPU.Build.0 = Release|Any CPU
		{B73156C2-7034-4DEA-A308-5E1782FF8DB4}.Release|Mixed Platforms.ActiveCfg = Release|Any CPU
		{B73156C2-7034-4DEA-A308-5E1782FF8DB4}.Release|Mixed Platforms.Build.0 = Release|Any CPU
		{B73156C2-7034-4DEA-A308-5E1782FF8DB4}.Release|x86.ActiveCfg = Release|Any CPU
		{B73156C2-7034-4DEA-A308-5E1782FF8DB4}.SIPDebug|.NET.ActiveCfg = Debug|Any CPU
		{B73156C2-7034-4DEA-A308-5E1782FF8DB4}.SIPDebug|Any CPU.ActiveCfg = Debug|Any CPU
		{B73156C2-7034-4DEA-A308-5E1782FF8DB4}.SIPDebug|Any CPU.Build.0 = Debug|Any CPU
		{B73156C2-7034-4DEA-A308-5E1782FF8DB4}.SIPDebug|Mixed Platforms.ActiveCfg = Debug|Any CPU
		{B73156C2-7034-4DEA-A308-5E1782FF8DB4}.SIPDebug|Mixed Platforms.Build.0 = Debug|Any CPU
		{B73156C2-7034-4DEA-A308-5E1782FF8DB4}.SIPDebug|x86.ActiveCfg = Debug|Any CPU
		{9ACEDD70-FDA2-44D8-A004-3A7EAF86A954}.BondDebug|.NET.ActiveCfg = Debug|Any CPU
		{9ACEDD70-FDA2-44D8-A004-3A7EAF86A954}.BondDebug|Any CPU.ActiveCfg = Debug|Any CPU
		{9ACEDD70-FDA2-44D8-A004-3A7EAF86A954}.BondDebug|Any CPU.Build.0 = Debug|Any CPU
		{9ACEDD70-FDA2-44D8-A004-3A7EAF86A954}.BondDebug|Mixed Platforms.ActiveCfg = Debug|Any CPU
		{9ACEDD70-FDA2-44D8-A004-3A7EAF86A954}.BondDebug|Mixed Platforms.Build.0 = Debug|Any CPU
		{9ACEDD70-FDA2-44D8-A004-3A7EAF86A954}.BondDebug|x86.ActiveCfg = Debug|Any CPU
		{9ACEDD70-FDA2-44D8-A004-3A7EAF86A954}.Debug|.NET.ActiveCfg = Debug|Any CPU
		{9ACEDD70-FDA2-44D8-A004-3A7EAF86A954}.Debug|Any CPU.ActiveCfg = Debug|Any CPU
		{9ACEDD70-FDA2-44D8-A004-3A7EAF86A954}.Debug|Any CPU.Build.0 = Debug|Any CPU
		{9ACEDD70-FDA2-44D8-A004-3A7EAF86A954}.Debug|Mixed Platforms.ActiveCfg = Debug|Any CPU
		{9ACEDD70-FDA2-44D8-A004-3A7EAF86A954}.Debug|Mixed Platforms.Build.0 = Debug|Any CPU
		{9ACEDD70-FDA2-44D8-A004-3A7EAF86A954}.Debug|x86.ActiveCfg = Debug|Any CPU
		{9ACEDD70-FDA2-44D8-A004-3A7EAF86A954}.iFASDebug|.NET.ActiveCfg = Debug|Any CPU
		{9ACEDD70-FDA2-44D8-A004-3A7EAF86A954}.iFASDebug|Any CPU.ActiveCfg = Debug|Any CPU
		{9ACEDD70-FDA2-44D8-A004-3A7EAF86A954}.iFASDebug|Any CPU.Build.0 = Debug|Any CPU
		{9ACEDD70-FDA2-44D8-A004-3A7EAF86A954}.iFASDebug|Mixed Platforms.ActiveCfg = Debug|Any CPU
		{9ACEDD70-FDA2-44D8-A004-3A7EAF86A954}.iFASDebug|Mixed Platforms.Build.0 = Debug|Any CPU
		{9ACEDD70-FDA2-44D8-A004-3A7EAF86A954}.iFASDebug|x86.ActiveCfg = Debug|Any CPU
		{9ACEDD70-FDA2-44D8-A004-3A7EAF86A954}.PersonalBuild|.NET.ActiveCfg = PersonalBuild|Any CPU
		{9ACEDD70-FDA2-44D8-A004-3A7EAF86A954}.PersonalBuild|Any CPU.ActiveCfg = PersonalBuild|Any CPU
		{9ACEDD70-FDA2-44D8-A004-3A7EAF86A954}.PersonalBuild|Any CPU.Build.0 = PersonalBuild|Any CPU
		{9ACEDD70-FDA2-44D8-A004-3A7EAF86A954}.PersonalBuild|Mixed Platforms.ActiveCfg = PersonalBuild|Any CPU
		{9ACEDD70-FDA2-44D8-A004-3A7EAF86A954}.PersonalBuild|Mixed Platforms.Build.0 = PersonalBuild|Any CPU
		{9ACEDD70-FDA2-44D8-A004-3A7EAF86A954}.PersonalBuild|x86.ActiveCfg = PersonalBuild|Any CPU
		{9ACEDD70-FDA2-44D8-A004-3A7EAF86A954}.Release|.NET.ActiveCfg = Release|Any CPU
		{9ACEDD70-FDA2-44D8-A004-3A7EAF86A954}.Release|Any CPU.ActiveCfg = Release|Any CPU
		{9ACEDD70-FDA2-44D8-A004-3A7EAF86A954}.Release|Any CPU.Build.0 = Release|Any CPU
		{9ACEDD70-FDA2-44D8-A004-3A7EAF86A954}.Release|Mixed Platforms.ActiveCfg = Release|Any CPU
		{9ACEDD70-FDA2-44D8-A004-3A7EAF86A954}.Release|Mixed Platforms.Build.0 = Release|Any CPU
		{9ACEDD70-FDA2-44D8-A004-3A7EAF86A954}.Release|x86.ActiveCfg = Release|Any CPU
		{9ACEDD70-FDA2-44D8-A004-3A7EAF86A954}.SIPDebug|.NET.ActiveCfg = Debug|Any CPU
		{9ACEDD70-FDA2-44D8-A004-3A7EAF86A954}.SIPDebug|Any CPU.ActiveCfg = Debug|Any CPU
		{9ACEDD70-FDA2-44D8-A004-3A7EAF86A954}.SIPDebug|Any CPU.Build.0 = Debug|Any CPU
		{9ACEDD70-FDA2-44D8-A004-3A7EAF86A954}.SIPDebug|Mixed Platforms.ActiveCfg = Debug|Any CPU
		{9ACEDD70-FDA2-44D8-A004-3A7EAF86A954}.SIPDebug|Mixed Platforms.Build.0 = Debug|Any CPU
		{9ACEDD70-FDA2-44D8-A004-3A7EAF86A954}.SIPDebug|x86.ActiveCfg = Debug|Any CPU
		{B490EA92-2990-4CBB-B58B-12901AFCCCB5}.BondDebug|.NET.ActiveCfg = Debug|Any CPU
		{B490EA92-2990-4CBB-B58B-12901AFCCCB5}.BondDebug|Any CPU.ActiveCfg = Debug|Any CPU
		{B490EA92-2990-4CBB-B58B-12901AFCCCB5}.BondDebug|Any CPU.Build.0 = Debug|Any CPU
		{B490EA92-2990-4CBB-B58B-12901AFCCCB5}.BondDebug|Mixed Platforms.ActiveCfg = Debug|Any CPU
		{B490EA92-2990-4CBB-B58B-12901AFCCCB5}.BondDebug|Mixed Platforms.Build.0 = Debug|Any CPU
		{B490EA92-2990-4CBB-B58B-12901AFCCCB5}.BondDebug|x86.ActiveCfg = Debug|Any CPU
		{B490EA92-2990-4CBB-B58B-12901AFCCCB5}.Debug|.NET.ActiveCfg = Debug|Any CPU
		{B490EA92-2990-4CBB-B58B-12901AFCCCB5}.Debug|Any CPU.ActiveCfg = Debug|Any CPU
		{B490EA92-2990-4CBB-B58B-12901AFCCCB5}.Debug|Any CPU.Build.0 = Debug|Any CPU
		{B490EA92-2990-4CBB-B58B-12901AFCCCB5}.Debug|Mixed Platforms.ActiveCfg = Debug|Any CPU
		{B490EA92-2990-4CBB-B58B-12901AFCCCB5}.Debug|Mixed Platforms.Build.0 = Debug|Any CPU
		{B490EA92-2990-4CBB-B58B-12901AFCCCB5}.Debug|x86.ActiveCfg = Debug|Any CPU
		{B490EA92-2990-4CBB-B58B-12901AFCCCB5}.iFASDebug|.NET.ActiveCfg = Debug|Any CPU
		{B490EA92-2990-4CBB-B58B-12901AFCCCB5}.iFASDebug|Any CPU.ActiveCfg = Debug|Any CPU
		{B490EA92-2990-4CBB-B58B-12901AFCCCB5}.iFASDebug|Any CPU.Build.0 = Debug|Any CPU
		{B490EA92-2990-4CBB-B58B-12901AFCCCB5}.iFASDebug|Mixed Platforms.ActiveCfg = Debug|Any CPU
		{B490EA92-2990-4CBB-B58B-12901AFCCCB5}.iFASDebug|Mixed Platforms.Build.0 = Debug|Any CPU
		{B490EA92-2990-4CBB-B58B-12901AFCCCB5}.iFASDebug|x86.ActiveCfg = Debug|Any CPU
		{B490EA92-2990-4CBB-B58B-12901AFCCCB5}.PersonalBuild|.NET.ActiveCfg = PersonalBuild|Any CPU
		{B490EA92-2990-4CBB-B58B-12901AFCCCB5}.PersonalBuild|Any CPU.ActiveCfg = PersonalBuild|Any CPU
		{B490EA92-2990-4CBB-B58B-12901AFCCCB5}.PersonalBuild|Any CPU.Build.0 = PersonalBuild|Any CPU
		{B490EA92-2990-4CBB-B58B-12901AFCCCB5}.PersonalBuild|Mixed Platforms.ActiveCfg = PersonalBuild|Any CPU
		{B490EA92-2990-4CBB-B58B-12901AFCCCB5}.PersonalBuild|Mixed Platforms.Build.0 = PersonalBuild|Any CPU
		{B490EA92-2990-4CBB-B58B-12901AFCCCB5}.PersonalBuild|x86.ActiveCfg = PersonalBuild|Any CPU
		{B490EA92-2990-4CBB-B58B-12901AFCCCB5}.Release|.NET.ActiveCfg = Release|Any CPU
		{B490EA92-2990-4CBB-B58B-12901AFCCCB5}.Release|Any CPU.ActiveCfg = Release|Any CPU
		{B490EA92-2990-4CBB-B58B-12901AFCCCB5}.Release|Any CPU.Build.0 = Release|Any CPU
		{B490EA92-2990-4CBB-B58B-12901AFCCCB5}.Release|Mixed Platforms.ActiveCfg = Release|Any CPU
		{B490EA92-2990-4CBB-B58B-12901AFCCCB5}.Release|Mixed Platforms.Build.0 = Release|Any CPU
		{B490EA92-2990-4CBB-B58B-12901AFCCCB5}.Release|x86.ActiveCfg = Release|Any CPU
		{B490EA92-2990-4CBB-B58B-12901AFCCCB5}.SIPDebug|.NET.ActiveCfg = Debug|Any CPU
		{B490EA92-2990-4CBB-B58B-12901AFCCCB5}.SIPDebug|Any CPU.ActiveCfg = Debug|Any CPU
		{B490EA92-2990-4CBB-B58B-12901AFCCCB5}.SIPDebug|Any CPU.Build.0 = Debug|Any CPU
		{B490EA92-2990-4CBB-B58B-12901AFCCCB5}.SIPDebug|Mixed Platforms.ActiveCfg = Debug|Any CPU
		{B490EA92-2990-4CBB-B58B-12901AFCCCB5}.SIPDebug|Mixed Platforms.Build.0 = Debug|Any CPU
		{B490EA92-2990-4CBB-B58B-12901AFCCCB5}.SIPDebug|x86.ActiveCfg = Debug|Any CPU
		{455CD3A5-79BA-480A-B9BD-D4A7DDA397A8}.BondDebug|.NET.ActiveCfg = Debug|Any CPU
		{455CD3A5-79BA-480A-B9BD-D4A7DDA397A8}.BondDebug|Any CPU.ActiveCfg = Debug|Any CPU
		{455CD3A5-79BA-480A-B9BD-D4A7DDA397A8}.BondDebug|Any CPU.Build.0 = Debug|Any CPU
		{455CD3A5-79BA-480A-B9BD-D4A7DDA397A8}.BondDebug|Mixed Platforms.ActiveCfg = Debug|Any CPU
		{455CD3A5-79BA-480A-B9BD-D4A7DDA397A8}.BondDebug|Mixed Platforms.Build.0 = Debug|Any CPU
		{455CD3A5-79BA-480A-B9BD-D4A7DDA397A8}.BondDebug|x86.ActiveCfg = Debug|Any CPU
		{455CD3A5-79BA-480A-B9BD-D4A7DDA397A8}.Debug|.NET.ActiveCfg = Debug|Any CPU
		{455CD3A5-79BA-480A-B9BD-D4A7DDA397A8}.Debug|Any CPU.ActiveCfg = Debug|Any CPU
		{455CD3A5-79BA-480A-B9BD-D4A7DDA397A8}.Debug|Any CPU.Build.0 = Debug|Any CPU
		{455CD3A5-79BA-480A-B9BD-D4A7DDA397A8}.Debug|Mixed Platforms.ActiveCfg = Debug|Any CPU
		{455CD3A5-79BA-480A-B9BD-D4A7DDA397A8}.Debug|Mixed Platforms.Build.0 = Debug|Any CPU
		{455CD3A5-79BA-480A-B9BD-D4A7DDA397A8}.Debug|x86.ActiveCfg = Debug|Any CPU
		{455CD3A5-79BA-480A-B9BD-D4A7DDA397A8}.iFASDebug|.NET.ActiveCfg = Debug|Any CPU
		{455CD3A5-79BA-480A-B9BD-D4A7DDA397A8}.iFASDebug|Any CPU.ActiveCfg = Debug|Any CPU
		{455CD3A5-79BA-480A-B9BD-D4A7DDA397A8}.iFASDebug|Any CPU.Build.0 = Debug|Any CPU
		{455CD3A5-79BA-480A-B9BD-D4A7DDA397A8}.iFASDebug|Mixed Platforms.ActiveCfg = Debug|Any CPU
		{455CD3A5-79BA-480A-B9BD-D4A7DDA397A8}.iFASDebug|Mixed Platforms.Build.0 = Debug|Any CPU
		{455CD3A5-79BA-480A-B9BD-D4A7DDA397A8}.iFASDebug|x86.ActiveCfg = Debug|Any CPU
		{455CD3A5-79BA-480A-B9BD-D4A7DDA397A8}.PersonalBuild|.NET.ActiveCfg = PersonalBuild|Any CPU
		{455CD3A5-79BA-480A-B9BD-D4A7DDA397A8}.PersonalBuild|Any CPU.ActiveCfg = PersonalBuild|Any CPU
		{455CD3A5-79BA-480A-B9BD-D4A7DDA397A8}.PersonalBuild|Any CPU.Build.0 = PersonalBuild|Any CPU
		{455CD3A5-79BA-480A-B9BD-D4A7DDA397A8}.PersonalBuild|Mixed Platforms.ActiveCfg = PersonalBuild|Any CPU
		{455CD3A5-79BA-480A-B9BD-D4A7DDA397A8}.PersonalBuild|Mixed Platforms.Build.0 = PersonalBuild|Any CPU
		{455CD3A5-79BA-480A-B9BD-D4A7DDA397A8}.PersonalBuild|x86.ActiveCfg = PersonalBuild|Any CPU
		{455CD3A5-79BA-480A-B9BD-D4A7DDA397A8}.Release|.NET.ActiveCfg = Release|Any CPU
		{455CD3A5-79BA-480A-B9BD-D4A7DDA397A8}.Release|Any CPU.ActiveCfg = Release|Any CPU
		{455CD3A5-79BA-480A-B9BD-D4A7DDA397A8}.Release|Any CPU.Build.0 = Release|Any CPU
		{455CD3A5-79BA-480A-B9BD-D4A7DDA397A8}.Release|Mixed Platforms.ActiveCfg = Release|Any CPU
		{455CD3A5-79BA-480A-B9BD-D4A7DDA397A8}.Release|Mixed Platforms.Build.0 = Release|Any CPU
		{455CD3A5-79BA-480A-B9BD-D4A7DDA397A8}.Release|x86.ActiveCfg = Release|Any CPU
		{455CD3A5-79BA-480A-B9BD-D4A7DDA397A8}.SIPDebug|.NET.ActiveCfg = Debug|Any CPU
		{455CD3A5-79BA-480A-B9BD-D4A7DDA397A8}.SIPDebug|Any CPU.ActiveCfg = Debug|Any CPU
		{455CD3A5-79BA-480A-B9BD-D4A7DDA397A8}.SIPDebug|Any CPU.Build.0 = Debug|Any CPU
		{455CD3A5-79BA-480A-B9BD-D4A7DDA397A8}.SIPDebug|Mixed Platforms.ActiveCfg = Debug|Any CPU
		{455CD3A5-79BA-480A-B9BD-D4A7DDA397A8}.SIPDebug|Mixed Platforms.Build.0 = Debug|Any CPU
		{455CD3A5-79BA-480A-B9BD-D4A7DDA397A8}.SIPDebug|x86.ActiveCfg = Debug|Any CPU
		{2A74F1D1-C0EE-41FE-A708-A83B285ACCF2}.BondDebug|.NET.ActiveCfg = Debug|Any CPU
		{2A74F1D1-C0EE-41FE-A708-A83B285ACCF2}.BondDebug|Any CPU.ActiveCfg = Debug|Any CPU
		{2A74F1D1-C0EE-41FE-A708-A83B285ACCF2}.BondDebug|Any CPU.Build.0 = Debug|Any CPU
		{2A74F1D1-C0EE-41FE-A708-A83B285ACCF2}.BondDebug|Mixed Platforms.ActiveCfg = Debug|Any CPU
		{2A74F1D1-C0EE-41FE-A708-A83B285ACCF2}.BondDebug|Mixed Platforms.Build.0 = Debug|Any CPU
		{2A74F1D1-C0EE-41FE-A708-A83B285ACCF2}.BondDebug|x86.ActiveCfg = Debug|Any CPU
		{2A74F1D1-C0EE-41FE-A708-A83B285ACCF2}.Debug|.NET.ActiveCfg = Debug|Any CPU
		{2A74F1D1-C0EE-41FE-A708-A83B285ACCF2}.Debug|Any CPU.ActiveCfg = Debug|Any CPU
		{2A74F1D1-C0EE-41FE-A708-A83B285ACCF2}.Debug|Any CPU.Build.0 = Debug|Any CPU
		{2A74F1D1-C0EE-41FE-A708-A83B285ACCF2}.Debug|Mixed Platforms.ActiveCfg = Debug|Any CPU
		{2A74F1D1-C0EE-41FE-A708-A83B285ACCF2}.Debug|Mixed Platforms.Build.0 = Debug|Any CPU
		{2A74F1D1-C0EE-41FE-A708-A83B285ACCF2}.Debug|x86.ActiveCfg = Debug|Any CPU
		{2A74F1D1-C0EE-41FE-A708-A83B285ACCF2}.iFASDebug|.NET.ActiveCfg = Debug|Any CPU
		{2A74F1D1-C0EE-41FE-A708-A83B285ACCF2}.iFASDebug|Any CPU.ActiveCfg = Debug|Any CPU
		{2A74F1D1-C0EE-41FE-A708-A83B285ACCF2}.iFASDebug|Any CPU.Build.0 = Debug|Any CPU
		{2A74F1D1-C0EE-41FE-A708-A83B285ACCF2}.iFASDebug|Mixed Platforms.ActiveCfg = Debug|Any CPU
		{2A74F1D1-C0EE-41FE-A708-A83B285ACCF2}.iFASDebug|Mixed Platforms.Build.0 = Debug|Any CPU
		{2A74F1D1-C0EE-41FE-A708-A83B285ACCF2}.iFASDebug|x86.ActiveCfg = Debug|Any CPU
		{2A74F1D1-C0EE-41FE-A708-A83B285ACCF2}.PersonalBuild|.NET.ActiveCfg = PersonalBuild|Any CPU
		{2A74F1D1-C0EE-41FE-A708-A83B285ACCF2}.PersonalBuild|Any CPU.ActiveCfg = PersonalBuild|Any CPU
		{2A74F1D1-C0EE-41FE-A708-A83B285ACCF2}.PersonalBuild|Any CPU.Build.0 = PersonalBuild|Any CPU
		{2A74F1D1-C0EE-41FE-A708-A83B285ACCF2}.PersonalBuild|Mixed Platforms.ActiveCfg = PersonalBuild|Any CPU
		{2A74F1D1-C0EE-41FE-A708-A83B285ACCF2}.PersonalBuild|Mixed Platforms.Build.0 = PersonalBuild|Any CPU
		{2A74F1D1-C0EE-41FE-A708-A83B285ACCF2}.PersonalBuild|x86.ActiveCfg = PersonalBuild|Any CPU
		{2A74F1D1-C0EE-41FE-A708-A83B285ACCF2}.Release|.NET.ActiveCfg = Release|Any CPU
		{2A74F1D1-C0EE-41FE-A708-A83B285ACCF2}.Release|Any CPU.ActiveCfg = Release|Any CPU
		{2A74F1D1-C0EE-41FE-A708-A83B285ACCF2}.Release|Any CPU.Build.0 = Release|Any CPU
		{2A74F1D1-C0EE-41FE-A708-A83B285ACCF2}.Release|Mixed Platforms.ActiveCfg = Release|Any CPU
		{2A74F1D1-C0EE-41FE-A708-A83B285ACCF2}.Release|Mixed Platforms.Build.0 = Release|Any CPU
		{2A74F1D1-C0EE-41FE-A708-A83B285ACCF2}.Release|x86.ActiveCfg = Release|Any CPU
		{2A74F1D1-C0EE-41FE-A708-A83B285ACCF2}.SIPDebug|.NET.ActiveCfg = Debug|Any CPU
		{2A74F1D1-C0EE-41FE-A708-A83B285ACCF2}.SIPDebug|Any CPU.ActiveCfg = Debug|Any CPU
		{2A74F1D1-C0EE-41FE-A708-A83B285ACCF2}.SIPDebug|Any CPU.Build.0 = Debug|Any CPU
		{2A74F1D1-C0EE-41FE-A708-A83B285ACCF2}.SIPDebug|Mixed Platforms.ActiveCfg = Debug|Any CPU
		{2A74F1D1-C0EE-41FE-A708-A83B285ACCF2}.SIPDebug|Mixed Platforms.Build.0 = Debug|Any CPU
		{2A74F1D1-C0EE-41FE-A708-A83B285ACCF2}.SIPDebug|x86.ActiveCfg = Debug|Any CPU
		{957C06D0-FF42-4C7A-B5E8-7E15C1522B59}.BondDebug|.NET.ActiveCfg = BondDebug|Any CPU
		{957C06D0-FF42-4C7A-B5E8-7E15C1522B59}.BondDebug|Any CPU.ActiveCfg = BondDebug|Any CPU
		{957C06D0-FF42-4C7A-B5E8-7E15C1522B59}.BondDebug|Any CPU.Build.0 = BondDebug|Any CPU
		{957C06D0-FF42-4C7A-B5E8-7E15C1522B59}.BondDebug|Mixed Platforms.ActiveCfg = BondDebug|Any CPU
		{957C06D0-FF42-4C7A-B5E8-7E15C1522B59}.BondDebug|Mixed Platforms.Build.0 = BondDebug|Any CPU
		{957C06D0-FF42-4C7A-B5E8-7E15C1522B59}.BondDebug|x86.ActiveCfg = BondDebug|Any CPU
		{957C06D0-FF42-4C7A-B5E8-7E15C1522B59}.Debug|.NET.ActiveCfg = Debug|Any CPU
		{957C06D0-FF42-4C7A-B5E8-7E15C1522B59}.Debug|Any CPU.ActiveCfg = Debug|Any CPU
		{957C06D0-FF42-4C7A-B5E8-7E15C1522B59}.Debug|Any CPU.Build.0 = Debug|Any CPU
		{957C06D0-FF42-4C7A-B5E8-7E15C1522B59}.Debug|Mixed Platforms.ActiveCfg = Debug|Any CPU
		{957C06D0-FF42-4C7A-B5E8-7E15C1522B59}.Debug|Mixed Platforms.Build.0 = Debug|Any CPU
		{957C06D0-FF42-4C7A-B5E8-7E15C1522B59}.Debug|x86.ActiveCfg = Debug|Any CPU
		{957C06D0-FF42-4C7A-B5E8-7E15C1522B59}.iFASDebug|.NET.ActiveCfg = iFASDebug|Any CPU
		{957C06D0-FF42-4C7A-B5E8-7E15C1522B59}.iFASDebug|Any CPU.ActiveCfg = iFASDebug|Any CPU
		{957C06D0-FF42-4C7A-B5E8-7E15C1522B59}.iFASDebug|Any CPU.Build.0 = iFASDebug|Any CPU
		{957C06D0-FF42-4C7A-B5E8-7E15C1522B59}.iFASDebug|Mixed Platforms.ActiveCfg = iFASDebug|Any CPU
		{957C06D0-FF42-4C7A-B5E8-7E15C1522B59}.iFASDebug|Mixed Platforms.Build.0 = iFASDebug|Any CPU
		{957C06D0-FF42-4C7A-B5E8-7E15C1522B59}.iFASDebug|x86.ActiveCfg = iFASDebug|Any CPU
		{957C06D0-FF42-4C7A-B5E8-7E15C1522B59}.PersonalBuild|.NET.ActiveCfg = BondDebug|Any CPU
		{957C06D0-FF42-4C7A-B5E8-7E15C1522B59}.PersonalBuild|Any CPU.ActiveCfg = BondDebug|Any CPU
		{957C06D0-FF42-4C7A-B5E8-7E15C1522B59}.PersonalBuild|Any CPU.Build.0 = BondDebug|Any CPU
		{957C06D0-FF42-4C7A-B5E8-7E15C1522B59}.PersonalBuild|Mixed Platforms.ActiveCfg = BondDebug|Any CPU
		{957C06D0-FF42-4C7A-B5E8-7E15C1522B59}.PersonalBuild|Mixed Platforms.Build.0 = BondDebug|Any CPU
		{957C06D0-FF42-4C7A-B5E8-7E15C1522B59}.PersonalBuild|x86.ActiveCfg = BondDebug|Any CPU
		{957C06D0-FF42-4C7A-B5E8-7E15C1522B59}.Release|.NET.ActiveCfg = Release|Any CPU
		{957C06D0-FF42-4C7A-B5E8-7E15C1522B59}.Release|Any CPU.ActiveCfg = Release|Any CPU
		{957C06D0-FF42-4C7A-B5E8-7E15C1522B59}.Release|Any CPU.Build.0 = Release|Any CPU
		{957C06D0-FF42-4C7A-B5E8-7E15C1522B59}.Release|Mixed Platforms.ActiveCfg = Release|Any CPU
		{957C06D0-FF42-4C7A-B5E8-7E15C1522B59}.Release|Mixed Platforms.Build.0 = Release|Any CPU
		{957C06D0-FF42-4C7A-B5E8-7E15C1522B59}.Release|x86.ActiveCfg = Release|Any CPU
		{957C06D0-FF42-4C7A-B5E8-7E15C1522B59}.SIPDebug|.NET.ActiveCfg = SIPDebug|Any CPU
		{957C06D0-FF42-4C7A-B5E8-7E15C1522B59}.SIPDebug|Any CPU.ActiveCfg = SIPDebug|Any CPU
		{957C06D0-FF42-4C7A-B5E8-7E15C1522B59}.SIPDebug|Any CPU.Build.0 = SIPDebug|Any CPU
		{957C06D0-FF42-4C7A-B5E8-7E15C1522B59}.SIPDebug|Mixed Platforms.ActiveCfg = SIPDebug|Any CPU
		{957C06D0-FF42-4C7A-B5E8-7E15C1522B59}.SIPDebug|Mixed Platforms.Build.0 = SIPDebug|Any CPU
		{957C06D0-FF42-4C7A-B5E8-7E15C1522B59}.SIPDebug|x86.ActiveCfg = SIPDebug|Any CPU
		{0604A086-D772-4FE7-BF81-24C9C2059CCD}.BondDebug|.NET.ActiveCfg = Debug|Any CPU
		{0604A086-D772-4FE7-BF81-24C9C2059CCD}.BondDebug|Any CPU.ActiveCfg = Debug|Any CPU
		{0604A086-D772-4FE7-BF81-24C9C2059CCD}.BondDebug|Any CPU.Build.0 = Debug|Any CPU
		{0604A086-D772-4FE7-BF81-24C9C2059CCD}.BondDebug|Mixed Platforms.ActiveCfg = Debug|Any CPU
		{0604A086-D772-4FE7-BF81-24C9C2059CCD}.BondDebug|Mixed Platforms.Build.0 = Debug|Any CPU
		{0604A086-D772-4FE7-BF81-24C9C2059CCD}.BondDebug|x86.ActiveCfg = Debug|Any CPU
		{0604A086-D772-4FE7-BF81-24C9C2059CCD}.Debug|.NET.ActiveCfg = Debug|Any CPU
		{0604A086-D772-4FE7-BF81-24C9C2059CCD}.Debug|Any CPU.ActiveCfg = Debug|Any CPU
		{0604A086-D772-4FE7-BF81-24C9C2059CCD}.Debug|Any CPU.Build.0 = Debug|Any CPU
		{0604A086-D772-4FE7-BF81-24C9C2059CCD}.Debug|Mixed Platforms.ActiveCfg = Debug|Any CPU
		{0604A086-D772-4FE7-BF81-24C9C2059CCD}.Debug|Mixed Platforms.Build.0 = Debug|Any CPU
		{0604A086-D772-4FE7-BF81-24C9C2059CCD}.Debug|x86.ActiveCfg = Debug|Any CPU
		{0604A086-D772-4FE7-BF81-24C9C2059CCD}.iFASDebug|.NET.ActiveCfg = Debug|Any CPU
		{0604A086-D772-4FE7-BF81-24C9C2059CCD}.iFASDebug|Any CPU.ActiveCfg = Debug|Any CPU
		{0604A086-D772-4FE7-BF81-24C9C2059CCD}.iFASDebug|Any CPU.Build.0 = Debug|Any CPU
		{0604A086-D772-4FE7-BF81-24C9C2059CCD}.iFASDebug|Mixed Platforms.ActiveCfg = Debug|Any CPU
		{0604A086-D772-4FE7-BF81-24C9C2059CCD}.iFASDebug|Mixed Platforms.Build.0 = Debug|Any CPU
		{0604A086-D772-4FE7-BF81-24C9C2059CCD}.iFASDebug|x86.ActiveCfg = Debug|Any CPU
		{0604A086-D772-4FE7-BF81-24C9C2059CCD}.PersonalBuild|.NET.ActiveCfg = Release|Any CPU
		{0604A086-D772-4FE7-BF81-24C9C2059CCD}.PersonalBuild|Any CPU.ActiveCfg = Release|Any CPU
		{0604A086-D772-4FE7-BF81-24C9C2059CCD}.PersonalBuild|Any CPU.Build.0 = Release|Any CPU
		{0604A086-D772-4FE7-BF81-24C9C2059CCD}.PersonalBuild|Mixed Platforms.ActiveCfg = Release|Any CPU
		{0604A086-D772-4FE7-BF81-24C9C2059CCD}.PersonalBuild|Mixed Platforms.Build.0 = Release|Any CPU
		{0604A086-D772-4FE7-BF81-24C9C2059CCD}.PersonalBuild|x86.ActiveCfg = Release|Any CPU
		{0604A086-D772-4FE7-BF81-24C9C2059CCD}.Release|.NET.ActiveCfg = Release|Any CPU
		{0604A086-D772-4FE7-BF81-24C9C2059CCD}.Release|Any CPU.ActiveCfg = Release|Any CPU
		{0604A086-D772-4FE7-BF81-24C9C2059CCD}.Release|Any CPU.Build.0 = Release|Any CPU
		{0604A086-D772-4FE7-BF81-24C9C2059CCD}.Release|Mixed Platforms.ActiveCfg = Release|Any CPU
		{0604A086-D772-4FE7-BF81-24C9C2059CCD}.Release|Mixed Platforms.Build.0 = Release|Any CPU
		{0604A086-D772-4FE7-BF81-24C9C2059CCD}.Release|x86.ActiveCfg = Release|Any CPU
		{0604A086-D772-4FE7-BF81-24C9C2059CCD}.SIPDebug|.NET.ActiveCfg = Debug|Any CPU
		{0604A086-D772-4FE7-BF81-24C9C2059CCD}.SIPDebug|Any CPU.ActiveCfg = Debug|Any CPU
		{0604A086-D772-4FE7-BF81-24C9C2059CCD}.SIPDebug|Any CPU.Build.0 = Debug|Any CPU
		{0604A086-D772-4FE7-BF81-24C9C2059CCD}.SIPDebug|Mixed Platforms.ActiveCfg = Debug|Any CPU
		{0604A086-D772-4FE7-BF81-24C9C2059CCD}.SIPDebug|Mixed Platforms.Build.0 = Debug|Any CPU
		{0604A086-D772-4FE7-BF81-24C9C2059CCD}.SIPDebug|x86.ActiveCfg = Debug|Any CPU
		{6265DF98-BE97-4F2A-8F86-3CE81B4A2B8E}.BondDebug|.NET.ActiveCfg = Debug|Any CPU
		{6265DF98-BE97-4F2A-8F86-3CE81B4A2B8E}.BondDebug|Any CPU.ActiveCfg = Debug|Any CPU
		{6265DF98-BE97-4F2A-8F86-3CE81B4A2B8E}.BondDebug|Any CPU.Build.0 = Debug|Any CPU
		{6265DF98-BE97-4F2A-8F86-3CE81B4A2B8E}.BondDebug|Mixed Platforms.ActiveCfg = Debug|Any CPU
		{6265DF98-BE97-4F2A-8F86-3CE81B4A2B8E}.BondDebug|Mixed Platforms.Build.0 = Debug|Any CPU
		{6265DF98-BE97-4F2A-8F86-3CE81B4A2B8E}.BondDebug|x86.ActiveCfg = Debug|Any CPU
		{6265DF98-BE97-4F2A-8F86-3CE81B4A2B8E}.Debug|.NET.ActiveCfg = Debug|Any CPU
		{6265DF98-BE97-4F2A-8F86-3CE81B4A2B8E}.Debug|Any CPU.ActiveCfg = Debug|Any CPU
		{6265DF98-BE97-4F2A-8F86-3CE81B4A2B8E}.Debug|Any CPU.Build.0 = Debug|Any CPU
		{6265DF98-BE97-4F2A-8F86-3CE81B4A2B8E}.Debug|Mixed Platforms.ActiveCfg = Debug|Any CPU
		{6265DF98-BE97-4F2A-8F86-3CE81B4A2B8E}.Debug|Mixed Platforms.Build.0 = Debug|Any CPU
		{6265DF98-BE97-4F2A-8F86-3CE81B4A2B8E}.Debug|x86.ActiveCfg = Debug|Any CPU
		{6265DF98-BE97-4F2A-8F86-3CE81B4A2B8E}.iFASDebug|.NET.ActiveCfg = Debug|Any CPU
		{6265DF98-BE97-4F2A-8F86-3CE81B4A2B8E}.iFASDebug|Any CPU.ActiveCfg = Debug|Any CPU
		{6265DF98-BE97-4F2A-8F86-3CE81B4A2B8E}.iFASDebug|Any CPU.Build.0 = Debug|Any CPU
		{6265DF98-BE97-4F2A-8F86-3CE81B4A2B8E}.iFASDebug|Mixed Platforms.ActiveCfg = Debug|Any CPU
		{6265DF98-BE97-4F2A-8F86-3CE81B4A2B8E}.iFASDebug|Mixed Platforms.Build.0 = Debug|Any CPU
		{6265DF98-BE97-4F2A-8F86-3CE81B4A2B8E}.iFASDebug|x86.ActiveCfg = Debug|Any CPU
		{6265DF98-BE97-4F2A-8F86-3CE81B4A2B8E}.PersonalBuild|.NET.ActiveCfg = Release|Any CPU
		{6265DF98-BE97-4F2A-8F86-3CE81B4A2B8E}.PersonalBuild|Any CPU.ActiveCfg = Release|Any CPU
		{6265DF98-BE97-4F2A-8F86-3CE81B4A2B8E}.PersonalBuild|Any CPU.Build.0 = Release|Any CPU
		{6265DF98-BE97-4F2A-8F86-3CE81B4A2B8E}.PersonalBuild|Mixed Platforms.ActiveCfg = Release|Any CPU
		{6265DF98-BE97-4F2A-8F86-3CE81B4A2B8E}.PersonalBuild|Mixed Platforms.Build.0 = Release|Any CPU
		{6265DF98-BE97-4F2A-8F86-3CE81B4A2B8E}.PersonalBuild|x86.ActiveCfg = Release|Any CPU
		{6265DF98-BE97-4F2A-8F86-3CE81B4A2B8E}.Release|.NET.ActiveCfg = Release|Any CPU
		{6265DF98-BE97-4F2A-8F86-3CE81B4A2B8E}.Release|Any CPU.ActiveCfg = Release|Any CPU
		{6265DF98-BE97-4F2A-8F86-3CE81B4A2B8E}.Release|Any CPU.Build.0 = Release|Any CPU
		{6265DF98-BE97-4F2A-8F86-3CE81B4A2B8E}.Release|Mixed Platforms.ActiveCfg = Release|Any CPU
		{6265DF98-BE97-4F2A-8F86-3CE81B4A2B8E}.Release|Mixed Platforms.Build.0 = Release|Any CPU
		{6265DF98-BE97-4F2A-8F86-3CE81B4A2B8E}.Release|x86.ActiveCfg = Release|Any CPU
		{6265DF98-BE97-4F2A-8F86-3CE81B4A2B8E}.SIPDebug|.NET.ActiveCfg = Debug|Any CPU
		{6265DF98-BE97-4F2A-8F86-3CE81B4A2B8E}.SIPDebug|Any CPU.ActiveCfg = Debug|Any CPU
		{6265DF98-BE97-4F2A-8F86-3CE81B4A2B8E}.SIPDebug|Any CPU.Build.0 = Debug|Any CPU
		{6265DF98-BE97-4F2A-8F86-3CE81B4A2B8E}.SIPDebug|Mixed Platforms.ActiveCfg = Debug|Any CPU
		{6265DF98-BE97-4F2A-8F86-3CE81B4A2B8E}.SIPDebug|Mixed Platforms.Build.0 = Debug|Any CPU
		{6265DF98-BE97-4F2A-8F86-3CE81B4A2B8E}.SIPDebug|x86.ActiveCfg = Debug|Any CPU
	EndGlobalSection
	GlobalSection(SolutionProperties) = preSolution
		HideSolutionNode = FALSE
	EndGlobalSection
EndGlobal
